
Microsoft Visual Studio Solution File, Format Version 12.00
# Visual Studio 15
VisualStudioVersion = 15.0.26730.16
MinimumVisualStudioVersion = 10.0.40219.1

Project("{2150E333-8FDC-42A3-9474-1A3956D46DE8}") = "src", "src", "{852A858B-75CD-423F-94EC-BA22529E7095}"
EndProject
Project("{FAE04EC0-301F-11D3-BF4B-00C04F79EFBC}") = "Postal.Tests", "src\Postal.Tests\Postal.Tests.csproj", "{8F7B0DA6-277A-40A8-9C2A-6100112D35F6}"
EndProject
Project("{9A19103F-16F7-4668-BE54-9A1E7A4F7556}") = "Postal.AspNetCore", "src\Postal.AspNetCore\Postal.AspNetCore.csproj", "{95EE9CE4-5C7E-4D69-99C2-CB131C8CE83E}"
EndProject
Project("{2150E333-8FDC-42A3-9474-1A3956D46DE8}") = "test", "test", "{6AD69A8E-FCAB-4DF9-975A-7A9952BA8315}"
EndProject
Global
	GlobalSection(SolutionConfigurationPlatforms) = preSolution
		Debug|Any CPU = Debug|Any CPU
		Release|Any CPU = Release|Any CPU
	EndGlobalSection
	GlobalSection(ProjectConfigurationPlatforms) = postSolution
		{8F7B0DA6-277A-40A8-9C2A-6100112D35F6}.Debug|Any CPU.ActiveCfg = Debug|Any CPU
		{8F7B0DA6-277A-40A8-9C2A-6100112D35F6}.Debug|Any CPU.Build.0 = Debug|Any CPU
		{8F7B0DA6-277A-40A8-9C2A-6100112D35F6}.Release|Any CPU.ActiveCfg = Release|Any CPU
		{8F7B0DA6-277A-40A8-9C2A-6100112D35F6}.Release|Any CPU.Build.0 = Release|Any CPU
		{2C24E942-E0E1-4116-838B-ACD25653D5B2}.Debug|Any CPU.ActiveCfg = Debug|Any CPU
		{2C24E942-E0E1-4116-838B-ACD25653D5B2}.Debug|Any CPU.Build.0 = Debug|Any CPU
		{2C24E942-E0E1-4116-838B-ACD25653D5B2}.Release|Any CPU.ActiveCfg = Release|Any CPU
		{2C24E942-E0E1-4116-838B-ACD25653D5B2}.Release|Any CPU.Build.0 = Release|Any CPU
		{AB26BB59-F976-4361-A041-21C7EF1F2AE5}.Debug|Any CPU.ActiveCfg = Debug|Any CPU
		{AB26BB59-F976-4361-A041-21C7EF1F2AE5}.Debug|Any CPU.Build.0 = Debug|Any CPU
		{AB26BB59-F976-4361-A041-21C7EF1F2AE5}.Release|Any CPU.ActiveCfg = Release|Any CPU
		{AB26BB59-F976-4361-A041-21C7EF1F2AE5}.Release|Any CPU.Build.0 = Release|Any CPU
		{20E5601B-354D-4393-951C-C3BCC970EAAC}.Debug|Any CPU.ActiveCfg = Debug|Any CPU
		{20E5601B-354D-4393-951C-C3BCC970EAAC}.Debug|Any CPU.Build.0 = Debug|Any CPU
		{20E5601B-354D-4393-951C-C3BCC970EAAC}.Release|Any CPU.ActiveCfg = Release|Any CPU
		{20E5601B-354D-4393-951C-C3BCC970EAAC}.Release|Any CPU.Build.0 = Release|Any CPU
		{95EE9CE4-5C7E-4D69-99C2-CB131C8CE83E}.Debug|Any CPU.ActiveCfg = Debug|Any CPU
		{95EE9CE4-5C7E-4D69-99C2-CB131C8CE83E}.Debug|Any CPU.Build.0 = Debug|Any CPU
		{95EE9CE4-5C7E-4D69-99C2-CB131C8CE83E}.Release|Any CPU.ActiveCfg = Release|Any CPU
		{95EE9CE4-5C7E-4D69-99C2-CB131C8CE83E}.Release|Any CPU.Build.0 = Release|Any CPU
	EndGlobalSection
	GlobalSection(SolutionProperties) = preSolution
		HideSolutionNode = FALSE
	EndGlobalSection
	GlobalSection(ExtensibilityGlobals) = postSolution
		SolutionGuid = {EB608C82-5210-4481-93B1-F138ECA425EC}
	EndGlobalSection
EndGlobal
