
Microsoft Visual Studio Solution File, Format Version 11.00
# Visual Studio 2010
Project("{FAE04EC0-301F-11D3-BF4B-00C04F79EFBC}") = "Postal", "Postal\Postal.csproj", "{D2FCFAFA-6EFA-45A8-845B-C5ACE1A5878B}"
EndProject
Project("{FAE04EC0-301F-11D3-BF4B-00C04F79EFBC}") = "MvcSample", "MvcSample\MvcSample.csproj", "{A86D417D-55AA-4FF6-B5BC-CF8925A0FB18}"
EndProject
Project("{FAE04EC0-301F-11D3-BF4B-00C04F79EFBC}") = "Postal.Tests", "Postal.Tests\Postal.Tests.csproj", "{3E361DC3-58A0-4720-BE62-4E62565C2652}"
EndProject
Project("{FAE04EC0-301F-11D3-BF4B-00C04F79EFBC}") = "ConsoleSample", "ConsoleSample\ConsoleSample.csproj", "{9F91CCD2-C70C-4856-A32A-9BA3EF8997FF}"
EndProject
Project("{FAE04EC0-301F-11D3-BF4B-00C04F79EFBC}") = "ResourceSample", "ResourceSample\ResourceSample.csproj", "{809A6024-540E-40B4-AAF4-21369640EDFC}"
EndProject
Global
	GlobalSection(SolutionConfigurationPlatforms) = preSolution
		Debug|Any CPU = Debug|Any CPU
		Debug|Mixed Platforms = Debug|Mixed Platforms
		Debug|x86 = Debug|x86
		Release|Any CPU = Release|Any CPU
		Release|Mixed Platforms = Release|Mixed Platforms
		Release|x86 = Release|x86
	EndGlobalSection
	GlobalSection(ProjectConfigurationPlatforms) = postSolution
		{D2FCFAFA-6EFA-45A8-845B-C5ACE1A5878B}.Debug|Any CPU.ActiveCfg = Debug|Any CPU
		{D2FCFAFA-6EFA-45A8-845B-C5ACE1A5878B}.Debug|Any CPU.Build.0 = Debug|Any CPU
		{D2FCFAFA-6EFA-45A8-845B-C5ACE1A5878B}.Debug|Mixed Platforms.ActiveCfg = Debug|Any CPU
		{D2FCFAFA-6EFA-45A8-845B-C5ACE1A5878B}.Debug|Mixed Platforms.Build.0 = Debug|Any CPU
		{D2FCFAFA-6EFA-45A8-845B-C5ACE1A5878B}.Debug|x86.ActiveCfg = Debug|Any CPU
		{D2FCFAFA-6EFA-45A8-845B-C5ACE1A5878B}.Release|Any CPU.ActiveCfg = Release|Any CPU
		{D2FCFAFA-6EFA-45A8-845B-C5ACE1A5878B}.Release|Any CPU.Build.0 = Release|Any CPU
		{D2FCFAFA-6EFA-45A8-845B-C5ACE1A5878B}.Release|Mixed Platforms.ActiveCfg = Release|Any CPU
		{D2FCFAFA-6EFA-45A8-845B-C5ACE1A5878B}.Release|Mixed Platforms.Build.0 = Release|Any CPU
		{D2FCFAFA-6EFA-45A8-845B-C5ACE1A5878B}.Release|x86.ActiveCfg = Release|Any CPU
		{A86D417D-55AA-4FF6-B5BC-CF8925A0FB18}.Debug|Any CPU.ActiveCfg = Debug|Any CPU
		{A86D417D-55AA-4FF6-B5BC-CF8925A0FB18}.Debug|Any CPU.Build.0 = Debug|Any CPU
		{A86D417D-55AA-4FF6-B5BC-CF8925A0FB18}.Debug|Mixed Platforms.ActiveCfg = Debug|Any CPU
		{A86D417D-55AA-4FF6-B5BC-CF8925A0FB18}.Debug|Mixed Platforms.Build.0 = Debug|Any CPU
		{A86D417D-55AA-4FF6-B5BC-CF8925A0FB18}.Debug|x86.ActiveCfg = Debug|Any CPU
		{A86D417D-55AA-4FF6-B5BC-CF8925A0FB18}.Release|Any CPU.ActiveCfg = Release|Any CPU
		{A86D417D-55AA-4FF6-B5BC-CF8925A0FB18}.Release|Any CPU.Build.0 = Release|Any CPU
		{A86D417D-55AA-4FF6-B5BC-CF8925A0FB18}.Release|Mixed Platforms.ActiveCfg = Release|Any CPU
		{A86D417D-55AA-4FF6-B5BC-CF8925A0FB18}.Release|Mixed Platforms.Build.0 = Release|Any CPU
		{A86D417D-55AA-4FF6-B5BC-CF8925A0FB18}.Release|x86.ActiveCfg = Release|Any CPU
		{3E361DC3-58A0-4720-BE62-4E62565C2652}.Debug|Any CPU.ActiveCfg = Debug|Any CPU
		{3E361DC3-58A0-4720-BE62-4E62565C2652}.Debug|Any CPU.Build.0 = Debug|Any CPU
		{3E361DC3-58A0-4720-BE62-4E62565C2652}.Debug|Mixed Platforms.ActiveCfg = Debug|Any CPU
		{3E361DC3-58A0-4720-BE62-4E62565C2652}.Debug|Mixed Platforms.Build.0 = Debug|Any CPU
		{3E361DC3-58A0-4720-BE62-4E62565C2652}.Debug|x86.ActiveCfg = Debug|Any CPU
		{3E361DC3-58A0-4720-BE62-4E62565C2652}.Release|Any CPU.ActiveCfg = Release|Any CPU
		{3E361DC3-58A0-4720-BE62-4E62565C2652}.Release|Any CPU.Build.0 = Release|Any CPU
		{3E361DC3-58A0-4720-BE62-4E62565C2652}.Release|Mixed Platforms.ActiveCfg = Release|Any CPU
		{3E361DC3-58A0-4720-BE62-4E62565C2652}.Release|Mixed Platforms.Build.0 = Release|Any CPU
		{3E361DC3-58A0-4720-BE62-4E62565C2652}.Release|x86.ActiveCfg = Release|Any CPU
		{9F91CCD2-C70C-4856-A32A-9BA3EF8997FF}.Debug|Any CPU.ActiveCfg = Debug|x86
		{9F91CCD2-C70C-4856-A32A-9BA3EF8997FF}.Debug|Mixed Platforms.ActiveCfg = Debug|x86
		{9F91CCD2-C70C-4856-A32A-9BA3EF8997FF}.Debug|Mixed Platforms.Build.0 = Debug|x86
		{9F91CCD2-C70C-4856-A32A-9BA3EF8997FF}.Debug|x86.ActiveCfg = Debug|x86
		{9F91CCD2-C70C-4856-A32A-9BA3EF8997FF}.Debug|x86.Build.0 = Debug|x86
		{9F91CCD2-C70C-4856-A32A-9BA3EF8997FF}.Release|Any CPU.ActiveCfg = Release|x86
		{9F91CCD2-C70C-4856-A32A-9BA3EF8997FF}.Release|Mixed Platforms.ActiveCfg = Release|x86
		{9F91CCD2-C70C-4856-A32A-9BA3EF8997FF}.Release|Mixed Platforms.Build.0 = Release|x86
		{9F91CCD2-C70C-4856-A32A-9BA3EF8997FF}.Release|x86.ActiveCfg = Release|x86
		{9F91CCD2-C70C-4856-A32A-9BA3EF8997FF}.Release|x86.Build.0 = Release|x86
		{809A6024-540E-40B4-AAF4-21369640EDFC}.Debug|Any CPU.ActiveCfg = Debug|x86
		{809A6024-540E-40B4-AAF4-21369640EDFC}.Debug|Mixed Platforms.ActiveCfg = Debug|x86
		{809A6024-540E-40B4-AAF4-21369640EDFC}.Debug|Mixed Platforms.Build.0 = Debug|x86
		{809A6024-540E-40B4-AAF4-21369640EDFC}.Debug|x86.ActiveCfg = Debug|x86
		{809A6024-540E-40B4-AAF4-21369640EDFC}.Debug|x86.Build.0 = Debug|x86
		{809A6024-540E-40B4-AAF4-21369640EDFC}.Release|Any CPU.ActiveCfg = Release|x86
		{809A6024-540E-40B4-AAF4-21369640EDFC}.Release|Mixed Platforms.ActiveCfg = Release|x86
		{809A6024-540E-40B4-AAF4-21369640EDFC}.Release|Mixed Platforms.Build.0 = Release|x86
		{809A6024-540E-40B4-AAF4-21369640EDFC}.Release|x86.ActiveCfg = Release|x86
		{809A6024-540E-40B4-AAF4-21369640EDFC}.Release|x86.Build.0 = Release|x86
	EndGlobalSection
	GlobalSection(SolutionProperties) = preSolution
		HideSolutionNode = FALSE
	EndGlobalSection
EndGlobal
