
Microsoft Visual Studio Solution File, Format Version 11.00
# Visual Studio 2010
Project("{FAE04EC0-301F-11D3-BF4B-00C04F79EFBC}") = "Postal", "Postal\Postal.csproj", "{D2FCFAFA-6EFA-45A8-845B-C5ACE1A5878B}"
EndProject
Project("{FAE04EC0-301F-11D3-BF4B-00C04F79EFBC}") = "MvcSample", "MvcSample\MvcSample.csproj", "{A86D417D-55AA-4FF6-B5BC-CF8925A0FB18}"
EndProject
Project("{FAE04EC0-301F-11D3-BF4B-00C04F79EFBC}") = "Postal.Tests", "Postal.Tests\Postal.Tests.csproj", "{3E361DC3-58A0-4720-BE62-4E62565C2652}"
EndProject
Global
	GlobalSection(SolutionConfigurationPlatforms) = preSolution
		Debug|Any CPU = Debug|Any CPU
		Release|Any CPU = Release|Any CPU
	EndGlobalSection
	GlobalSection(ProjectConfigurationPlatforms) = postSolution
		{D2FCFAFA-6EFA-45A8-845B-C5ACE1A5878B}.Debug|Any CPU.ActiveCfg = Debug|Any CPU
		{D2FCFAFA-6EFA-45A8-845B-C5ACE1A5878B}.Debug|Any CPU.Build.0 = Debug|Any CPU
		{D2FCFAFA-6EFA-45A8-845B-C5ACE1A5878B}.Release|Any CPU.ActiveCfg = Release|Any CPU
		{D2FCFAFA-6EFA-45A8-845B-C5ACE1A5878B}.Release|Any CPU.Build.0 = Release|Any CPU
		{A86D417D-55AA-4FF6-B5BC-CF8925A0FB18}.Debug|Any CPU.ActiveCfg = Debug|Any CPU
		{A86D417D-55AA-4FF6-B5BC-CF8925A0FB18}.Debug|Any CPU.Build.0 = Debug|Any CPU
		{A86D417D-55AA-4FF6-B5BC-CF8925A0FB18}.Release|Any CPU.ActiveCfg = Release|Any CPU
		{A86D417D-55AA-4FF6-B5BC-CF8925A0FB18}.Release|Any CPU.Build.0 = Release|Any CPU
		{3E361DC3-58A0-4720-BE62-4E62565C2652}.Debug|Any CPU.ActiveCfg = Debug|Any CPU
		{3E361DC3-58A0-4720-BE62-4E62565C2652}.Debug|Any CPU.Build.0 = Debug|Any CPU
		{3E361DC3-58A0-4720-BE62-4E62565C2652}.Release|Any CPU.ActiveCfg = Release|Any CPU
		{3E361DC3-58A0-4720-BE62-4E62565C2652}.Release|Any CPU.Build.0 = Release|Any CPU
	EndGlobalSection
	GlobalSection(SolutionProperties) = preSolution
		HideSolutionNode = FALSE
	EndGlobalSection
EndGlobal
